
Microsoft Visual Studio Solution File, Format Version 12.00
# Visual Studio 15
VisualStudioVersion = 15.0.28307.271
MinimumVisualStudioVersion = 10.0.40219.1
Project("{FAE04EC0-301F-11D3-BF4B-00C04F79EFBC}") = "YoutubeLiveCommentReceiver", "YoutubeLiveCommentReceiver\YoutubeLiveCommentReceiver.csproj", "{B753D10B-2BBA-4B40-9888-A0AF4380428F}"
EndProject
Global
	GlobalSection(SolutionConfigurationPlatforms) = preSolution
		Debug|Any CPU = Debug|Any CPU
		Release|Any CPU = Release|Any CPU
	EndGlobalSection
	GlobalSection(ProjectConfigurationPlatforms) = postSolution
		{B753D10B-2BBA-4B40-9888-A0AF4380428F}.Debug|Any CPU.ActiveCfg = Debug|Any CPU
		{B753D10B-2BBA-4B40-9888-A0AF4380428F}.Debug|Any CPU.Build.0 = Debug|Any CPU
		{B753D10B-2BBA-4B40-9888-A0AF4380428F}.Release|Any CPU.ActiveCfg = Release|Any CPU
		{B753D10B-2BBA-4B40-9888-A0AF4380428F}.Release|Any CPU.Build.0 = Release|Any CPU
	EndGlobalSection
	GlobalSection(SolutionProperties) = preSolution
		HideSolutionNode = FALSE
	EndGlobalSection
	GlobalSection(ExtensibilityGlobals) = postSolution
		SolutionGuid = {67E96190-A23F-42BF-A084-EC4F5A0514D6}
	EndGlobalSection
EndGlobal
